
Microsoft Visual Studio Solution File, Format Version 12.00
# Visual Studio Version 17
VisualStudioVersion = 17.5.33530.505
MinimumVisualStudioVersion = 10.0.40219.1
Project("{FAE04EC0-301F-11D3-BF4B-00C04F79EFBC}") = "ShopOnline.Web", "ShopOnline.Web\ShopOnline.Web.csproj", "{1E289973-63F6-4978-98CD-3B35C3FF2225}"
EndProject
Project("{FAE04EC0-301F-11D3-BF4B-00C04F79EFBC}") = "ShopOnline.API", "ShopOnline.API\ShopOnline.API.csproj", "{F776C03C-0BAA-41D2-A1E6-B13AECC827DF}"
EndProject
Project("{FAE04EC0-301F-11D3-BF4B-00C04F79EFBC}") = "ShopOnline.Models", "ShopOnline.Models\ShopOnline.Models.csproj", "{F218BF3A-B272-4273-9C40-114BBFE60FA9}"
EndProject
Global
	GlobalSection(SolutionConfigurationPlatforms) = preSolution
		Debug|Any CPU = Debug|Any CPU
		Release|Any CPU = Release|Any CPU
	EndGlobalSection
	GlobalSection(ProjectConfigurationPlatforms) = postSolution
		{1E289973-63F6-4978-98CD-3B35C3FF2225}.Debug|Any CPU.ActiveCfg = Debug|Any CPU
		{1E289973-63F6-4978-98CD-3B35C3FF2225}.Debug|Any CPU.Build.0 = Debug|Any CPU
		{1E289973-63F6-4978-98CD-3B35C3FF2225}.Release|Any CPU.ActiveCfg = Release|Any CPU
		{1E289973-63F6-4978-98CD-3B35C3FF2225}.Release|Any CPU.Build.0 = Release|Any CPU
		{F776C03C-0BAA-41D2-A1E6-B13AECC827DF}.Debug|Any CPU.ActiveCfg = Debug|Any CPU
		{F776C03C-0BAA-41D2-A1E6-B13AECC827DF}.Debug|Any CPU.Build.0 = Debug|Any CPU
		{F776C03C-0BAA-41D2-A1E6-B13AECC827DF}.Release|Any CPU.ActiveCfg = Release|Any CPU
		{F776C03C-0BAA-41D2-A1E6-B13AECC827DF}.Release|Any CPU.Build.0 = Release|Any CPU
		{F218BF3A-B272-4273-9C40-114BBFE60FA9}.Debug|Any CPU.ActiveCfg = Debug|Any CPU
		{F218BF3A-B272-4273-9C40-114BBFE60FA9}.Debug|Any CPU.Build.0 = Debug|Any CPU
		{F218BF3A-B272-4273-9C40-114BBFE60FA9}.Release|Any CPU.ActiveCfg = Release|Any CPU
		{F218BF3A-B272-4273-9C40-114BBFE60FA9}.Release|Any CPU.Build.0 = Release|Any CPU
	EndGlobalSection
	GlobalSection(SolutionProperties) = preSolution
		HideSolutionNode = FALSE
	EndGlobalSection
	GlobalSection(ExtensibilityGlobals) = postSolution
		SolutionGuid = {EE5C0724-845B-427B-8EF0-97BFA47CA6A6}
	EndGlobalSection
EndGlobal
